
Microsoft Visual Studio Solution File, Format Version 12.00
# Visual Studio Version 17
VisualStudioVersion = 17.2.32630.192
MinimumVisualStudioVersion = 10.0.40219.1
Project("{9A19103F-16F7-4668-BE54-9A1E7A4F7556}") = "R5T.Z0031.Construction", "R5T.Z0031.Construction\R5T.Z0031.Construction.csproj", "{732952DF-3A18-49BC-AC70-087EB2799D15}"
EndProject
Project("{9A19103F-16F7-4668-BE54-9A1E7A4F7556}") = "R5T.Z0031", "R5T.Z0031\R5T.Z0031.csproj", "{3A9D1D4B-8EB3-4A54-972B-177897A88CB4}"
EndProject
Project("{2150E333-8FDC-42A3-9474-1A3956D46DE8}") = "_Dependencies", "_Dependencies", "{7D11085E-BFE3-4D1C-905E-8231D8D2C1A0}"
EndProject
Project("{9A19103F-16F7-4668-BE54-9A1E7A4F7556}") = "R5T.T0143", "..\..\R5T.T0143\source\R5T.T0143\R5T.T0143.csproj", "{55D536FA-E00A-4647-BB28-316A4A01A5D7}"
EndProject
Project("{9A19103F-16F7-4668-BE54-9A1E7A4F7556}") = "R5T.T0150", "..\..\R5T.T0150\source\R5T.T0150\R5T.T0150.csproj", "{2EDCF84C-4432-43D9-9421-EFD5009ADCA6}"
EndProject
Project("{9A19103F-16F7-4668-BE54-9A1E7A4F7556}") = "R5T.T0151", "..\..\R5T.T0151\source\R5T.T0151\R5T.T0151.csproj", "{C3ABC3D2-1D1F-4136-ABD1-D752A4F1F712}"
EndProject
Project("{9A19103F-16F7-4668-BE54-9A1E7A4F7556}") = "R5T.T0161", "..\..\R5T.T0161\source\R5T.T0161\R5T.T0161.csproj", "{F4A220AB-68F9-4C35-A14A-868F6EE8D38B}"
EndProject
Project("{9A19103F-16F7-4668-BE54-9A1E7A4F7556}") = "R5T.T0131", "..\..\R5T.T0131\source\R5T.T0131\R5T.T0131.csproj", "{7ADD7226-F5E8-4297-A0FB-3FCE0C002F3E}"
EndProject
Global
	GlobalSection(NestedProjects) = preSolution
		{55D536FA-E00A-4647-BB28-316A4A01A5D7} = {7D11085E-BFE3-4D1C-905E-8231D8D2C1A0}
		{2EDCF84C-4432-43D9-9421-EFD5009ADCA6} = {7D11085E-BFE3-4D1C-905E-8231D8D2C1A0}
		{C3ABC3D2-1D1F-4136-ABD1-D752A4F1F712} = {7D11085E-BFE3-4D1C-905E-8231D8D2C1A0}
		{F4A220AB-68F9-4C35-A14A-868F6EE8D38B} = {7D11085E-BFE3-4D1C-905E-8231D8D2C1A0}
		{7ADD7226-F5E8-4297-A0FB-3FCE0C002F3E} = {7D11085E-BFE3-4D1C-905E-8231D8D2C1A0}
	EndGlobalSection
	GlobalSection(SolutionConfigurationPlatforms) = preSolution
		Debug|Any CPU = Debug|Any CPU
		Release|Any CPU = Release|Any CPU
	EndGlobalSection
	GlobalSection(ProjectConfigurationPlatforms) = postSolution
		{732952DF-3A18-49BC-AC70-087EB2799D15}.Debug|Any CPU.ActiveCfg = Debug|Any CPU
		{732952DF-3A18-49BC-AC70-087EB2799D15}.Debug|Any CPU.Build.0 = Debug|Any CPU
		{732952DF-3A18-49BC-AC70-087EB2799D15}.Release|Any CPU.ActiveCfg = Release|Any CPU
		{732952DF-3A18-49BC-AC70-087EB2799D15}.Release|Any CPU.Build.0 = Release|Any CPU
		{3A9D1D4B-8EB3-4A54-972B-177897A88CB4}.Debug|Any CPU.ActiveCfg = Debug|Any CPU
		{3A9D1D4B-8EB3-4A54-972B-177897A88CB4}.Debug|Any CPU.Build.0 = Debug|Any CPU
		{3A9D1D4B-8EB3-4A54-972B-177897A88CB4}.Release|Any CPU.ActiveCfg = Release|Any CPU
		{3A9D1D4B-8EB3-4A54-972B-177897A88CB4}.Release|Any CPU.Build.0 = Release|Any CPU
		{55D536FA-E00A-4647-BB28-316A4A01A5D7}.Debug|Any CPU.ActiveCfg = Debug|Any CPU
		{55D536FA-E00A-4647-BB28-316A4A01A5D7}.Debug|Any CPU.Build.0 = Debug|Any CPU
		{55D536FA-E00A-4647-BB28-316A4A01A5D7}.Release|Any CPU.ActiveCfg = Release|Any CPU
		{55D536FA-E00A-4647-BB28-316A4A01A5D7}.Release|Any CPU.Build.0 = Release|Any CPU
		{2EDCF84C-4432-43D9-9421-EFD5009ADCA6}.Debug|Any CPU.ActiveCfg = Debug|Any CPU
		{2EDCF84C-4432-43D9-9421-EFD5009ADCA6}.Debug|Any CPU.Build.0 = Debug|Any CPU
		{2EDCF84C-4432-43D9-9421-EFD5009ADCA6}.Release|Any CPU.ActiveCfg = Release|Any CPU
		{2EDCF84C-4432-43D9-9421-EFD5009ADCA6}.Release|Any CPU.Build.0 = Release|Any CPU
		{C3ABC3D2-1D1F-4136-ABD1-D752A4F1F712}.Debug|Any CPU.ActiveCfg = Debug|Any CPU
		{C3ABC3D2-1D1F-4136-ABD1-D752A4F1F712}.Debug|Any CPU.Build.0 = Debug|Any CPU
		{C3ABC3D2-1D1F-4136-ABD1-D752A4F1F712}.Release|Any CPU.ActiveCfg = Release|Any CPU
		{C3ABC3D2-1D1F-4136-ABD1-D752A4F1F712}.Release|Any CPU.Build.0 = Release|Any CPU
		{F4A220AB-68F9-4C35-A14A-868F6EE8D38B}.Debug|Any CPU.ActiveCfg = Debug|Any CPU
		{F4A220AB-68F9-4C35-A14A-868F6EE8D38B}.Debug|Any CPU.Build.0 = Debug|Any CPU
		{F4A220AB-68F9-4C35-A14A-868F6EE8D38B}.Release|Any CPU.ActiveCfg = Release|Any CPU
		{F4A220AB-68F9-4C35-A14A-868F6EE8D38B}.Release|Any CPU.Build.0 = Release|Any CPU
		{7ADD7226-F5E8-4297-A0FB-3FCE0C002F3E}.Debug|Any CPU.ActiveCfg = Debug|Any CPU
		{7ADD7226-F5E8-4297-A0FB-3FCE0C002F3E}.Debug|Any CPU.Build.0 = Debug|Any CPU
		{7ADD7226-F5E8-4297-A0FB-3FCE0C002F3E}.Release|Any CPU.ActiveCfg = Release|Any CPU
		{7ADD7226-F5E8-4297-A0FB-3FCE0C002F3E}.Release|Any CPU.Build.0 = Release|Any CPU
	EndGlobalSection
	GlobalSection(SolutionProperties) = preSolution
		HideSolutionNode = FALSE
	EndGlobalSection
	GlobalSection(ExtensibilityGlobals) = postSolution
		SolutionGuid = {DD51EC6C-7A3D-4FC4-A9C4-29982381208C}
	EndGlobalSection
EndGlobal
