
Microsoft Visual Studio Solution File, Format Version 12.00
# Visual Studio Version 17
VisualStudioVersion = 17.2.32630.192
MinimumVisualStudioVersion = 10.0.40219.1
Project("{9A19103F-16F7-4668-BE54-9A1E7A4F7556}") = "R5T.Z0031", "R5T.Z0031\R5T.Z0031.csproj", "{55C625AB-F1E6-4A2C-B288-A91F4FC1798C}"
EndProject
Global
	GlobalSection(SolutionConfigurationPlatforms) = preSolution
		Debug|Any CPU = Debug|Any CPU
		Release|Any CPU = Release|Any CPU
	EndGlobalSection
	GlobalSection(ProjectConfigurationPlatforms) = postSolution
		{55C625AB-F1E6-4A2C-B288-A91F4FC1798C}.Debug|Any CPU.ActiveCfg = Debug|Any CPU
		{55C625AB-F1E6-4A2C-B288-A91F4FC1798C}.Debug|Any CPU.Build.0 = Debug|Any CPU
		{55C625AB-F1E6-4A2C-B288-A91F4FC1798C}.Release|Any CPU.ActiveCfg = Release|Any CPU
		{55C625AB-F1E6-4A2C-B288-A91F4FC1798C}.Release|Any CPU.Build.0 = Release|Any CPU
	EndGlobalSection
	GlobalSection(SolutionProperties) = preSolution
		HideSolutionNode = FALSE
	EndGlobalSection
	GlobalSection(ExtensibilityGlobals) = postSolution
		SolutionGuid = {1471B6EF-D995-431E-A9DA-243B20500B41}
	EndGlobalSection
EndGlobal
