
Microsoft Visual Studio Solution File, Format Version 12.00
# Visual Studio Version 17
VisualStudioVersion = 17.2.32630.192
MinimumVisualStudioVersion = 10.0.40219.1
Project("{9A19103F-16F7-4668-BE54-9A1E7A4F7556}") = "R5T.Z0031", "R5T.Z0031\R5T.Z0031.csproj", "{55C625AB-F1E6-4A2C-B288-A91F4FC1798C}"
EndProject
Project("{2150E333-8FDC-42A3-9474-1A3956D46DE8}") = "_Dependencies", "_Dependencies", "{913F98A8-F4F2-47C6-A6A7-68FBA72E13DC}"
EndProject
Project("{9A19103F-16F7-4668-BE54-9A1E7A4F7556}") = "R5T.T0143", "..\..\R5T.T0143\source\R5T.T0143\R5T.T0143.csproj", "{986B6734-B833-4EDC-BC83-B35D9F343ACD}"
EndProject
Project("{9A19103F-16F7-4668-BE54-9A1E7A4F7556}") = "R5T.T0150", "..\..\R5T.T0150\source\R5T.T0150\R5T.T0150.csproj", "{3319866F-95E4-4B28-823C-200FE3A1DC26}"
EndProject
Project("{9A19103F-16F7-4668-BE54-9A1E7A4F7556}") = "R5T.T0151", "..\..\R5T.T0151\source\R5T.T0151\R5T.T0151.csproj", "{60A40163-D58E-48BB-A1CD-058BED05F607}"
EndProject
Project("{9A19103F-16F7-4668-BE54-9A1E7A4F7556}") = "R5T.T0161", "..\..\R5T.T0161\source\R5T.T0161\R5T.T0161.csproj", "{E8D59B78-A108-408B-BC15-22D8A8739A2E}"
EndProject
Project("{9A19103F-16F7-4668-BE54-9A1E7A4F7556}") = "R5T.T0131", "..\..\R5T.T0131\source\R5T.T0131\R5T.T0131.csproj", "{D5FE854A-A0E5-48A9-A1D6-72C909E76C72}"
EndProject
Project("{9A19103F-16F7-4668-BE54-9A1E7A4F7556}") = "R5T.T0132", "..\..\R5T.T0132\source\R5T.T0132\R5T.T0132.csproj", "{42870917-522B-4D28-94A3-28D45B2A16EA}"
EndProject
Global
	GlobalSection(NestedProjects) = preSolution
		{986B6734-B833-4EDC-BC83-B35D9F343ACD} = {913F98A8-F4F2-47C6-A6A7-68FBA72E13DC}
		{3319866F-95E4-4B28-823C-200FE3A1DC26} = {913F98A8-F4F2-47C6-A6A7-68FBA72E13DC}
		{60A40163-D58E-48BB-A1CD-058BED05F607} = {913F98A8-F4F2-47C6-A6A7-68FBA72E13DC}
		{E8D59B78-A108-408B-BC15-22D8A8739A2E} = {913F98A8-F4F2-47C6-A6A7-68FBA72E13DC}
		{D5FE854A-A0E5-48A9-A1D6-72C909E76C72} = {913F98A8-F4F2-47C6-A6A7-68FBA72E13DC}
		{42870917-522B-4D28-94A3-28D45B2A16EA} = {913F98A8-F4F2-47C6-A6A7-68FBA72E13DC}
	EndGlobalSection
	GlobalSection(SolutionConfigurationPlatforms) = preSolution
		Debug|Any CPU = Debug|Any CPU
		Release|Any CPU = Release|Any CPU
	EndGlobalSection
	GlobalSection(ProjectConfigurationPlatforms) = postSolution
		{55C625AB-F1E6-4A2C-B288-A91F4FC1798C}.Debug|Any CPU.ActiveCfg = Debug|Any CPU
		{55C625AB-F1E6-4A2C-B288-A91F4FC1798C}.Debug|Any CPU.Build.0 = Debug|Any CPU
		{55C625AB-F1E6-4A2C-B288-A91F4FC1798C}.Release|Any CPU.ActiveCfg = Release|Any CPU
		{55C625AB-F1E6-4A2C-B288-A91F4FC1798C}.Release|Any CPU.Build.0 = Release|Any CPU
		{986B6734-B833-4EDC-BC83-B35D9F343ACD}.Debug|Any CPU.ActiveCfg = Debug|Any CPU
		{986B6734-B833-4EDC-BC83-B35D9F343ACD}.Debug|Any CPU.Build.0 = Debug|Any CPU
		{986B6734-B833-4EDC-BC83-B35D9F343ACD}.Release|Any CPU.ActiveCfg = Release|Any CPU
		{986B6734-B833-4EDC-BC83-B35D9F343ACD}.Release|Any CPU.Build.0 = Release|Any CPU
		{3319866F-95E4-4B28-823C-200FE3A1DC26}.Debug|Any CPU.ActiveCfg = Debug|Any CPU
		{3319866F-95E4-4B28-823C-200FE3A1DC26}.Debug|Any CPU.Build.0 = Debug|Any CPU
		{3319866F-95E4-4B28-823C-200FE3A1DC26}.Release|Any CPU.ActiveCfg = Release|Any CPU
		{3319866F-95E4-4B28-823C-200FE3A1DC26}.Release|Any CPU.Build.0 = Release|Any CPU
		{60A40163-D58E-48BB-A1CD-058BED05F607}.Debug|Any CPU.ActiveCfg = Debug|Any CPU
		{60A40163-D58E-48BB-A1CD-058BED05F607}.Debug|Any CPU.Build.0 = Debug|Any CPU
		{60A40163-D58E-48BB-A1CD-058BED05F607}.Release|Any CPU.ActiveCfg = Release|Any CPU
		{60A40163-D58E-48BB-A1CD-058BED05F607}.Release|Any CPU.Build.0 = Release|Any CPU
		{E8D59B78-A108-408B-BC15-22D8A8739A2E}.Debug|Any CPU.ActiveCfg = Debug|Any CPU
		{E8D59B78-A108-408B-BC15-22D8A8739A2E}.Debug|Any CPU.Build.0 = Debug|Any CPU
		{E8D59B78-A108-408B-BC15-22D8A8739A2E}.Release|Any CPU.ActiveCfg = Release|Any CPU
		{E8D59B78-A108-408B-BC15-22D8A8739A2E}.Release|Any CPU.Build.0 = Release|Any CPU
		{D5FE854A-A0E5-48A9-A1D6-72C909E76C72}.Debug|Any CPU.ActiveCfg = Debug|Any CPU
		{D5FE854A-A0E5-48A9-A1D6-72C909E76C72}.Debug|Any CPU.Build.0 = Debug|Any CPU
		{D5FE854A-A0E5-48A9-A1D6-72C909E76C72}.Release|Any CPU.ActiveCfg = Release|Any CPU
		{D5FE854A-A0E5-48A9-A1D6-72C909E76C72}.Release|Any CPU.Build.0 = Release|Any CPU
		{42870917-522B-4D28-94A3-28D45B2A16EA}.Debug|Any CPU.ActiveCfg = Debug|Any CPU
		{42870917-522B-4D28-94A3-28D45B2A16EA}.Debug|Any CPU.Build.0 = Debug|Any CPU
		{42870917-522B-4D28-94A3-28D45B2A16EA}.Release|Any CPU.ActiveCfg = Release|Any CPU
		{42870917-522B-4D28-94A3-28D45B2A16EA}.Release|Any CPU.Build.0 = Release|Any CPU
	EndGlobalSection
	GlobalSection(SolutionProperties) = preSolution
		HideSolutionNode = FALSE
	EndGlobalSection
	GlobalSection(ExtensibilityGlobals) = postSolution
		SolutionGuid = {1471B6EF-D995-431E-A9DA-243B20500B41}
	EndGlobalSection
EndGlobal
