
Microsoft Visual Studio Solution File, Format Version 12.00
# Visual Studio Version 17
VisualStudioVersion = 17.2.32630.192
MinimumVisualStudioVersion = 10.0.40219.1
Project("{9A19103F-16F7-4668-BE54-9A1E7A4F7556}") = "R5T.Z0031.Construction", "R5T.Z0031.Construction\R5T.Z0031.Construction.csproj", "{732952DF-3A18-49BC-AC70-087EB2799D15}"
EndProject
Project("{9A19103F-16F7-4668-BE54-9A1E7A4F7556}") = "R5T.Z0031", "R5T.Z0031\R5T.Z0031.csproj", "{3A9D1D4B-8EB3-4A54-972B-177897A88CB4}"
EndProject
Global
	GlobalSection(SolutionConfigurationPlatforms) = preSolution
		Debug|Any CPU = Debug|Any CPU
		Release|Any CPU = Release|Any CPU
	EndGlobalSection
	GlobalSection(ProjectConfigurationPlatforms) = postSolution
		{732952DF-3A18-49BC-AC70-087EB2799D15}.Debug|Any CPU.ActiveCfg = Debug|Any CPU
		{732952DF-3A18-49BC-AC70-087EB2799D15}.Debug|Any CPU.Build.0 = Debug|Any CPU
		{732952DF-3A18-49BC-AC70-087EB2799D15}.Release|Any CPU.ActiveCfg = Release|Any CPU
		{732952DF-3A18-49BC-AC70-087EB2799D15}.Release|Any CPU.Build.0 = Release|Any CPU
		{3A9D1D4B-8EB3-4A54-972B-177897A88CB4}.Debug|Any CPU.ActiveCfg = Debug|Any CPU
		{3A9D1D4B-8EB3-4A54-972B-177897A88CB4}.Debug|Any CPU.Build.0 = Debug|Any CPU
		{3A9D1D4B-8EB3-4A54-972B-177897A88CB4}.Release|Any CPU.ActiveCfg = Release|Any CPU
		{3A9D1D4B-8EB3-4A54-972B-177897A88CB4}.Release|Any CPU.Build.0 = Release|Any CPU
	EndGlobalSection
	GlobalSection(SolutionProperties) = preSolution
		HideSolutionNode = FALSE
	EndGlobalSection
	GlobalSection(ExtensibilityGlobals) = postSolution
		SolutionGuid = {DD51EC6C-7A3D-4FC4-A9C4-29982381208C}
	EndGlobalSection
EndGlobal
